// !$*UTF8*$!
{
	archiveVersion = 1;
	classes = {
	};
	objectVersion = 56;
	objects = {

/* Begin PBXBuildFile section */
		D53D0EDB29F49E8E00348422 /* AppDelegate.swift in Sources */ = {isa = PBXBuildFile; fileRef = D53D0EDA29F49E8E00348422 /* AppDelegate.swift */; };
		D53D0EDD29F49E8E00348422 /* SceneDelegate.swift in Sources */ = {isa = PBXBuildFile; fileRef = D53D0EDC29F49E8E00348422 /* SceneDelegate.swift */; };
		D53D0EDF29F49E8E00348422 /* ViewController.swift in Sources */ = {isa = PBXBuildFile; fileRef = D53D0EDE29F49E8E00348422 /* ViewController.swift */; };
		D53D0EE229F49E8E00348422 /* Main.storyboard in Resources */ = {isa = PBXBuildFile; fileRef = D53D0EE029F49E8E00348422 /* Main.storyboard */; };
		D53D0EE529F49E8E00348422 /* rxSwiftProject.xcdatamodeld in Sources */ = {isa = PBXBuildFile; fileRef = D53D0EE329F49E8E00348422 /* rxSwiftProject.xcdatamodeld */; };
		D53D0EE729F49E9200348422 /* Assets.xcassets in Resources */ = {isa = PBXBuildFile; fileRef = D53D0EE629F49E9200348422 /* Assets.xcassets */; };
		D53D0EEA29F49E9200348422 /* LaunchScreen.storyboard in Resources */ = {isa = PBXBuildFile; fileRef = D53D0EE829F49E9200348422 /* LaunchScreen.storyboard */; };
		D53D0EF529F4B25400348422 /* HomeViewController.swift in Sources */ = {isa = PBXBuildFile; fileRef = D53D0EF429F4B25400348422 /* HomeViewController.swift */; };
		D53D0EF729F4B34500348422 /* MyModel.swift in Sources */ = {isa = PBXBuildFile; fileRef = D53D0EF629F4B34500348422 /* MyModel.swift */; };
		D5710EB12A11343C002C1879 /* PhotoLibraryCollectionView.swift in Sources */ = {isa = PBXBuildFile; fileRef = D5710EB02A11343C002C1879 /* PhotoLibraryCollectionView.swift */; };
		D5710EB32A114D44002C1879 /* PhotoLibraryCollectionViewCell.swift in Sources */ = {isa = PBXBuildFile; fileRef = D5710EB22A114D44002C1879 /* PhotoLibraryCollectionViewCell.swift */; };
		D5710EB52A1153BB002C1879 /* TestViewController.swift in Sources */ = {isa = PBXBuildFile; fileRef = D5710EB42A1153BB002C1879 /* TestViewController.swift */; };
		D5FD60782A3F7EB400E7B5C8 /* FilterService.swift in Sources */ = {isa = PBXBuildFile; fileRef = D5FD60772A3F7EB400E7B5C8 /* FilterService.swift */; };
		F7AE704C05EABDF4EAEFBA70 /* Pods_rxSwiftProject.framework in Frameworks */ = {isa = PBXBuildFile; fileRef = 4C1D8CE4C076F0E245D12EA2 /* Pods_rxSwiftProject.framework */; };
/* End PBXBuildFile section */

/* Begin PBXFileReference section */
		42B19F9145467C7E1B3CDC4A /* Pods-rxSwiftProject.debug.xcconfig */ = {isa = PBXFileReference; includeInIndex = 1; lastKnownFileType = text.xcconfig; name = "Pods-rxSwiftProject.debug.xcconfig"; path = "Target Support Files/Pods-rxSwiftProject/Pods-rxSwiftProject.debug.xcconfig"; sourceTree = "<group>"; };
		4C1D8CE4C076F0E245D12EA2 /* Pods_rxSwiftProject.framework */ = {isa = PBXFileReference; explicitFileType = wrapper.framework; includeInIndex = 0; path = Pods_rxSwiftProject.framework; sourceTree = BUILT_PRODUCTS_DIR; };
		9846C92A17A9C43698F56DA7 /* Pods-rxSwiftProject.release.xcconfig */ = {isa = PBXFileReference; includeInIndex = 1; lastKnownFileType = text.xcconfig; name = "Pods-rxSwiftProject.release.xcconfig"; path = "Target Support Files/Pods-rxSwiftProject/Pods-rxSwiftProject.release.xcconfig"; sourceTree = "<group>"; };
		D53D0ED729F49E8E00348422 /* rxSwiftProject.app */ = {isa = PBXFileReference; explicitFileType = wrapper.application; includeInIndex = 0; path = rxSwiftProject.app; sourceTree = BUILT_PRODUCTS_DIR; };
		D53D0EDA29F49E8E00348422 /* AppDelegate.swift */ = {isa = PBXFileReference; lastKnownFileType = sourcecode.swift; path = AppDelegate.swift; sourceTree = "<group>"; };
		D53D0EDC29F49E8E00348422 /* SceneDelegate.swift */ = {isa = PBXFileReference; lastKnownFileType = sourcecode.swift; path = SceneDelegate.swift; sourceTree = "<group>"; };
		D53D0EDE29F49E8E00348422 /* ViewController.swift */ = {isa = PBXFileReference; lastKnownFileType = sourcecode.swift; path = ViewController.swift; sourceTree = "<group>"; };
		D53D0EE129F49E8E00348422 /* Base */ = {isa = PBXFileReference; lastKnownFileType = file.storyboard; name = Base; path = Base.lproj/Main.storyboard; sourceTree = "<group>"; };
		D53D0EE429F49E8E00348422 /* rxSwiftProject.xcdatamodel */ = {isa = PBXFileReference; lastKnownFileType = wrapper.xcdatamodel; path = rxSwiftProject.xcdatamodel; sourceTree = "<group>"; };
		D53D0EE629F49E9200348422 /* Assets.xcassets */ = {isa = PBXFileReference; lastKnownFileType = folder.assetcatalog; path = Assets.xcassets; sourceTree = "<group>"; };
		D53D0EE929F49E9200348422 /* Base */ = {isa = PBXFileReference; lastKnownFileType = file.storyboard; name = Base; path = Base.lproj/LaunchScreen.storyboard; sourceTree = "<group>"; };
		D53D0EEB29F49E9200348422 /* Info.plist */ = {isa = PBXFileReference; lastKnownFileType = text.plist.xml; path = Info.plist; sourceTree = "<group>"; };
		D53D0EF429F4B25400348422 /* HomeViewController.swift */ = {isa = PBXFileReference; lastKnownFileType = sourcecode.swift; path = HomeViewController.swift; sourceTree = "<group>"; };
		D53D0EF629F4B34500348422 /* MyModel.swift */ = {isa = PBXFileReference; lastKnownFileType = sourcecode.swift; path = MyModel.swift; sourceTree = "<group>"; };
		D5710EAD2A111F9D002C1879 /* RxPlayground.playground */ = {isa = PBXFileReference; lastKnownFileType = file.playground; path = RxPlayground.playground; sourceTree = "<group>"; xcLanguageSpecificationIdentifier = xcode.lang.swift; };
		D5710EB02A11343C002C1879 /* PhotoLibraryCollectionView.swift */ = {isa = PBXFileReference; lastKnownFileType = sourcecode.swift; path = PhotoLibraryCollectionView.swift; sourceTree = "<group>"; };
		D5710EB22A114D44002C1879 /* PhotoLibraryCollectionViewCell.swift */ = {isa = PBXFileReference; lastKnownFileType = sourcecode.swift; path = PhotoLibraryCollectionViewCell.swift; sourceTree = "<group>"; };
		D5710EB42A1153BB002C1879 /* TestViewController.swift */ = {isa = PBXFileReference; lastKnownFileType = sourcecode.swift; path = TestViewController.swift; sourceTree = "<group>"; };
		D5FD60772A3F7EB400E7B5C8 /* FilterService.swift */ = {isa = PBXFileReference; lastKnownFileType = sourcecode.swift; path = FilterService.swift; sourceTree = "<group>"; };
/* End PBXFileReference section */

/* Begin PBXFrameworksBuildPhase section */
		D53D0ED429F49E8E00348422 /* Frameworks */ = {
			isa = PBXFrameworksBuildPhase;
			buildActionMask = 2147483647;
			files = (
				F7AE704C05EABDF4EAEFBA70 /* Pods_rxSwiftProject.framework in Frameworks */,
			);
			runOnlyForDeploymentPostprocessing = 0;
		};
/* End PBXFrameworksBuildPhase section */

/* Begin PBXGroup section */
		B6ED27B930D782D8D979F05D /* Pods */ = {
			isa = PBXGroup;
			children = (
				42B19F9145467C7E1B3CDC4A /* Pods-rxSwiftProject.debug.xcconfig */,
				9846C92A17A9C43698F56DA7 /* Pods-rxSwiftProject.release.xcconfig */,
			);
			path = Pods;
			sourceTree = "<group>";
		};
		D53D0ECE29F49E8D00348422 = {
			isa = PBXGroup;
			children = (
				D53D0ED929F49E8E00348422 /* rxSwiftProject */,
				D53D0ED829F49E8E00348422 /* Products */,
				B6ED27B930D782D8D979F05D /* Pods */,
				FFE6934489306941DA81E191 /* Frameworks */,
			);
			sourceTree = "<group>";
		};
		D53D0ED829F49E8E00348422 /* Products */ = {
			isa = PBXGroup;
			children = (
				D53D0ED729F49E8E00348422 /* rxSwiftProject.app */,
			);
			name = Products;
			sourceTree = "<group>";
		};
		D53D0ED929F49E8E00348422 /* rxSwiftProject */ = {
			isa = PBXGroup;
			children = (
				D53D0EF329F4B23000348422 /* Model */,
				D53D0EF229F4B22000348422 /* View */,
				D53D0EF129F4B20100348422 /* ViewModel */,
				D53D0EDA29F49E8E00348422 /* AppDelegate.swift */,
				D53D0EDC29F49E8E00348422 /* SceneDelegate.swift */,
				D5FD60772A3F7EB400E7B5C8 /* FilterService.swift */,
				D53D0EDE29F49E8E00348422 /* ViewController.swift */,
				D53D0EE029F49E8E00348422 /* Main.storyboard */,
				D53D0EE629F49E9200348422 /* Assets.xcassets */,
				D53D0EE829F49E9200348422 /* LaunchScreen.storyboard */,
				D53D0EEB29F49E9200348422 /* Info.plist */,
				D53D0EE329F49E8E00348422 /* rxSwiftProject.xcdatamodeld */,
				D5710EAD2A111F9D002C1879 /* RxPlayground.playground */,
			);
			path = rxSwiftProject;
			sourceTree = "<group>";
		};
		D53D0EF129F4B20100348422 /* ViewModel */ = {
			isa = PBXGroup;
			children = (
			);
			path = ViewModel;
			sourceTree = "<group>";
		};
		D53D0EF229F4B22000348422 /* View */ = {
			isa = PBXGroup;
			children = (
				D53D0EF429F4B25400348422 /* HomeViewController.swift */,
				D5710EB02A11343C002C1879 /* PhotoLibraryCollectionView.swift */,
				D5710EB22A114D44002C1879 /* PhotoLibraryCollectionViewCell.swift */,
				D5710EB42A1153BB002C1879 /* TestViewController.swift */,
			);
			path = View;
			sourceTree = "<group>";
		};
		D53D0EF329F4B23000348422 /* Model */ = {
			isa = PBXGroup;
			children = (
				D53D0EF629F4B34500348422 /* MyModel.swift */,
			);
			path = Model;
			sourceTree = "<group>";
		};
		FFE6934489306941DA81E191 /* Frameworks */ = {
			isa = PBXGroup;
			children = (
				4C1D8CE4C076F0E245D12EA2 /* Pods_rxSwiftProject.framework */,
			);
			name = Frameworks;
			sourceTree = "<group>";
		};
/* End PBXGroup section */

/* Begin PBXNativeTarget section */
		D53D0ED629F49E8E00348422 /* rxSwiftProject */ = {
			isa = PBXNativeTarget;
			buildConfigurationList = D53D0EEE29F49E9200348422 /* Build configuration list for PBXNativeTarget "rxSwiftProject" */;
			buildPhases = (
				AC5892C60946F69755D17E73 /* [CP] Check Pods Manifest.lock */,
				D53D0ED329F49E8E00348422 /* Sources */,
				D53D0ED429F49E8E00348422 /* Frameworks */,
				D53D0ED529F49E8E00348422 /* Resources */,
				BCF0464CA38422D1C95C443E /* [CP] Embed Pods Frameworks */,
			);
			buildRules = (
			);
			dependencies = (
			);
			name = rxSwiftProject;
			productName = rxSwiftProject;
			productReference = D53D0ED729F49E8E00348422 /* rxSwiftProject.app */;
			productType = "com.apple.product-type.application";
		};
/* End PBXNativeTarget section */

/* Begin PBXProject section */
		D53D0ECF29F49E8E00348422 /* Project object */ = {
			isa = PBXProject;
			attributes = {
				BuildIndependentTargetsInParallel = 1;
				LastSwiftUpdateCheck = 1420;
				LastUpgradeCheck = 1420;
				TargetAttributes = {
					D53D0ED629F49E8E00348422 = {
						CreatedOnToolsVersion = 14.2;
					};
				};
			};
			buildConfigurationList = D53D0ED229F49E8E00348422 /* Build configuration list for PBXProject "rxSwiftProject" */;
			compatibilityVersion = "Xcode 14.0";
			developmentRegion = en;
			hasScannedForEncodings = 0;
			knownRegions = (
				en,
				Base,
			);
			mainGroup = D53D0ECE29F49E8D00348422;
			productRefGroup = D53D0ED829F49E8E00348422 /* Products */;
			projectDirPath = "";
			projectRoot = "";
			targets = (
				D53D0ED629F49E8E00348422 /* rxSwiftProject */,
			);
		};
/* End PBXProject section */

/* Begin PBXResourcesBuildPhase section */
		D53D0ED529F49E8E00348422 /* Resources */ = {
			isa = PBXResourcesBuildPhase;
			buildActionMask = 2147483647;
			files = (
				D53D0EEA29F49E9200348422 /* LaunchScreen.storyboard in Resources */,
				D53D0EE729F49E9200348422 /* Assets.xcassets in Resources */,
				D53D0EE229F49E8E00348422 /* Main.storyboard in Resources */,
			);
			runOnlyForDeploymentPostprocessing = 0;
		};
/* End PBXResourcesBuildPhase section */

/* Begin PBXShellScriptBuildPhase section */
		AC5892C60946F69755D17E73 /* [CP] Check Pods Manifest.lock */ = {
			isa = PBXShellScriptBuildPhase;
			buildActionMask = 2147483647;
			files = (
			);
			inputFileListPaths = (
			);
			inputPaths = (
				"${PODS_PODFILE_DIR_PATH}/Podfile.lock",
				"${PODS_ROOT}/Manifest.lock",
			);
			name = "[CP] Check Pods Manifest.lock";
			outputFileListPaths = (
			);
			outputPaths = (
				"$(DERIVED_FILE_DIR)/Pods-rxSwiftProject-checkManifestLockResult.txt",
			);
			runOnlyForDeploymentPostprocessing = 0;
			shellPath = /bin/sh;
			shellScript = "diff \"${PODS_PODFILE_DIR_PATH}/Podfile.lock\" \"${PODS_ROOT}/Manifest.lock\" > /dev/null\nif [ $? != 0 ] ; then\n    # print error to STDERR\n    echo \"error: The sandbox is not in sync with the Podfile.lock. Run 'pod install' or update your CocoaPods installation.\" >&2\n    exit 1\nfi\n# This output is used by Xcode 'outputs' to avoid re-running this script phase.\necho \"SUCCESS\" > \"${SCRIPT_OUTPUT_FILE_0}\"\n";
			showEnvVarsInLog = 0;
		};
		BCF0464CA38422D1C95C443E /* [CP] Embed Pods Frameworks */ = {
			isa = PBXShellScriptBuildPhase;
			buildActionMask = 2147483647;
			files = (
			);
			inputFileListPaths = (
				"${PODS_ROOT}/Target Support Files/Pods-rxSwiftProject/Pods-rxSwiftProject-frameworks-${CONFIGURATION}-input-files.xcfilelist",
			);
			name = "[CP] Embed Pods Frameworks";
			outputFileListPaths = (
				"${PODS_ROOT}/Target Support Files/Pods-rxSwiftProject/Pods-rxSwiftProject-frameworks-${CONFIGURATION}-output-files.xcfilelist",
			);
			runOnlyForDeploymentPostprocessing = 0;
			shellPath = /bin/sh;
			shellScript = "\"${PODS_ROOT}/Target Support Files/Pods-rxSwiftProject/Pods-rxSwiftProject-frameworks.sh\"\n";
			showEnvVarsInLog = 0;
		};
/* End PBXShellScriptBuildPhase section */

/* Begin PBXSourcesBuildPhase section */
		D53D0ED329F49E8E00348422 /* Sources */ = {
			isa = PBXSourcesBuildPhase;
			buildActionMask = 2147483647;
			files = (
				D53D0EF529F4B25400348422 /* HomeViewController.swift in Sources */,
				D5FD60782A3F7EB400E7B5C8 /* FilterService.swift in Sources */,
				D53D0EF729F4B34500348422 /* MyModel.swift in Sources */,
				D53D0EDF29F49E8E00348422 /* ViewController.swift in Sources */,
				D5710EB12A11343C002C1879 /* PhotoLibraryCollectionView.swift in Sources */,
				D53D0EE529F49E8E00348422 /* rxSwiftProject.xcdatamodeld in Sources */,
				D5710EB32A114D44002C1879 /* PhotoLibraryCollectionViewCell.swift in Sources */,
				D53D0EDB29F49E8E00348422 /* AppDelegate.swift in Sources */,
				D5710EB52A1153BB002C1879 /* TestViewController.swift in Sources */,
				D53D0EDD29F49E8E00348422 /* SceneDelegate.swift in Sources */,
			);
			runOnlyForDeploymentPostprocessing = 0;
		};
/* End PBXSourcesBuildPhase section */

/* Begin PBXVariantGroup section */
		D53D0EE029F49E8E00348422 /* Main.storyboard */ = {
			isa = PBXVariantGroup;
			children = (
				D53D0EE129F49E8E00348422 /* Base */,
			);
			name = Main.storyboard;
			sourceTree = "<group>";
		};
		D53D0EE829F49E9200348422 /* LaunchScreen.storyboard */ = {
			isa = PBXVariantGroup;
			children = (
				D53D0EE929F49E9200348422 /* Base */,
			);
			name = LaunchScreen.storyboard;
			sourceTree = "<group>";
		};
/* End PBXVariantGroup section */

/* Begin XCBuildConfiguration section */
		D53D0EEC29F49E9200348422 /* Debug */ = {
			isa = XCBuildConfiguration;
			buildSettings = {
				ALWAYS_SEARCH_USER_PATHS = NO;
				CLANG_ANALYZER_NONNULL = YES;
				CLANG_ANALYZER_NUMBER_OBJECT_CONVERSION = YES_AGGRESSIVE;
				CLANG_CXX_LANGUAGE_STANDARD = "gnu++20";
				CLANG_ENABLE_MODULES = YES;
				CLANG_ENABLE_OBJC_ARC = YES;
				CLANG_ENABLE_OBJC_WEAK = YES;
				CLANG_WARN_BLOCK_CAPTURE_AUTORELEASING = YES;
				CLANG_WARN_BOOL_CONVERSION = YES;
				CLANG_WARN_COMMA = YES;
				CLANG_WARN_CONSTANT_CONVERSION = YES;
				CLANG_WARN_DEPRECATED_OBJC_IMPLEMENTATIONS = YES;
				CLANG_WARN_DIRECT_OBJC_ISA_USAGE = YES_ERROR;
				CLANG_WARN_DOCUMENTATION_COMMENTS = YES;
				CLANG_WARN_EMPTY_BODY = YES;
				CLANG_WARN_ENUM_CONVERSION = YES;
				CLANG_WARN_INFINITE_RECURSION = YES;
				CLANG_WARN_INT_CONVERSION = YES;
				CLANG_WARN_NON_LITERAL_NULL_CONVERSION = YES;
				CLANG_WARN_OBJC_IMPLICIT_RETAIN_SELF = YES;
				CLANG_WARN_OBJC_LITERAL_CONVERSION = YES;
				CLANG_WARN_OBJC_ROOT_CLASS = YES_ERROR;
				CLANG_WARN_QUOTED_INCLUDE_IN_FRAMEWORK_HEADER = YES;
				CLANG_WARN_RANGE_LOOP_ANALYSIS = YES;
				CLANG_WARN_STRICT_PROTOTYPES = YES;
				CLANG_WARN_SUSPICIOUS_MOVE = YES;
				CLANG_WARN_UNGUARDED_AVAILABILITY = YES_AGGRESSIVE;
				CLANG_WARN_UNREACHABLE_CODE = YES;
				CLANG_WARN__DUPLICATE_METHOD_MATCH = YES;
				COPY_PHASE_STRIP = NO;
				DEBUG_INFORMATION_FORMAT = dwarf;
				ENABLE_STRICT_OBJC_MSGSEND = YES;
				ENABLE_TESTABILITY = YES;
				GCC_C_LANGUAGE_STANDARD = gnu11;
				GCC_DYNAMIC_NO_PIC = NO;
				GCC_NO_COMMON_BLOCKS = YES;
				GCC_OPTIMIZATION_LEVEL = 0;
				GCC_PREPROCESSOR_DEFINITIONS = (
					"DEBUG=1",
					"$(inherited)",
				);
				GCC_WARN_64_TO_32_BIT_CONVERSION = YES;
				GCC_WARN_ABOUT_RETURN_TYPE = YES_ERROR;
				GCC_WARN_UNDECLARED_SELECTOR = YES;
				GCC_WARN_UNINITIALIZED_AUTOS = YES_AGGRESSIVE;
				GCC_WARN_UNUSED_FUNCTION = YES;
				GCC_WARN_UNUSED_VARIABLE = YES;
				IPHONEOS_DEPLOYMENT_TARGET = 16.2;
				MTL_ENABLE_DEBUG_INFO = INCLUDE_SOURCE;
				MTL_FAST_MATH = YES;
				ONLY_ACTIVE_ARCH = YES;
				SDKROOT = iphoneos;
				SWIFT_ACTIVE_COMPILATION_CONDITIONS = DEBUG;
				SWIFT_OPTIMIZATION_LEVEL = "-Onone";
			};
			name = Debug;
		};
		D53D0EED29F49E9200348422 /* Release */ = {
			isa = XCBuildConfiguration;
			buildSettings = {
				ALWAYS_SEARCH_USER_PATHS = NO;
				CLANG_ANALYZER_NONNULL = YES;
				CLANG_ANALYZER_NUMBER_OBJECT_CONVERSION = YES_AGGRESSIVE;
				CLANG_CXX_LANGUAGE_STANDARD = "gnu++20";
				CLANG_ENABLE_MODULES = YES;
				CLANG_ENABLE_OBJC_ARC = YES;
				CLANG_ENABLE_OBJC_WEAK = YES;
				CLANG_WARN_BLOCK_CAPTURE_AUTORELEASING = YES;
				CLANG_WARN_BOOL_CONVERSION = YES;
				CLANG_WARN_COMMA = YES;
				CLANG_WARN_CONSTANT_CONVERSION = YES;
				CLANG_WARN_DEPRECATED_OBJC_IMPLEMENTATIONS = YES;
				CLANG_WARN_DIRECT_OBJC_ISA_USAGE = YES_ERROR;
				CLANG_WARN_DOCUMENTATION_COMMENTS = YES;
				CLANG_WARN_EMPTY_BODY = YES;
				CLANG_WARN_ENUM_CONVERSION = YES;
				CLANG_WARN_INFINITE_RECURSION = YES;
				CLANG_WARN_INT_CONVERSION = YES;
				CLANG_WARN_NON_LITERAL_NULL_CONVERSION = YES;
				CLANG_WARN_OBJC_IMPLICIT_RETAIN_SELF = YES;
				CLANG_WARN_OBJC_LITERAL_CONVERSION = YES;
				CLANG_WARN_OBJC_ROOT_CLASS = YES_ERROR;
				CLANG_WARN_QUOTED_INCLUDE_IN_FRAMEWORK_HEADER = YES;
				CLANG_WARN_RANGE_LOOP_ANALYSIS = YES;
				CLANG_WARN_STRICT_PROTOTYPES = YES;
				CLANG_WARN_SUSPICIOUS_MOVE = YES;
				CLANG_WARN_UNGUARDED_AVAILABILITY = YES_AGGRESSIVE;
				CLANG_WARN_UNREACHABLE_CODE = YES;
				CLANG_WARN__DUPLICATE_METHOD_MATCH = YES;
				COPY_PHASE_STRIP = NO;
				DEBUG_INFORMATION_FORMAT = "dwarf-with-dsym";
				ENABLE_NS_ASSERTIONS = NO;
				ENABLE_STRICT_OBJC_MSGSEND = YES;
				GCC_C_LANGUAGE_STANDARD = gnu11;
				GCC_NO_COMMON_BLOCKS = YES;
				GCC_WARN_64_TO_32_BIT_CONVERSION = YES;
				GCC_WARN_ABOUT_RETURN_TYPE = YES_ERROR;
				GCC_WARN_UNDECLARED_SELECTOR = YES;
				GCC_WARN_UNINITIALIZED_AUTOS = YES_AGGRESSIVE;
				GCC_WARN_UNUSED_FUNCTION = YES;
				GCC_WARN_UNUSED_VARIABLE = YES;
				IPHONEOS_DEPLOYMENT_TARGET = 16.2;
				MTL_ENABLE_DEBUG_INFO = NO;
				MTL_FAST_MATH = YES;
				SDKROOT = iphoneos;
				SWIFT_COMPILATION_MODE = wholemodule;
				SWIFT_OPTIMIZATION_LEVEL = "-O";
				VALIDATE_PRODUCT = YES;
			};
			name = Release;
		};
		D53D0EEF29F49E9200348422 /* Debug */ = {
			isa = XCBuildConfiguration;
			baseConfigurationReference = 42B19F9145467C7E1B3CDC4A /* Pods-rxSwiftProject.debug.xcconfig */;
			buildSettings = {
				ASSETCATALOG_COMPILER_APPICON_NAME = AppIcon;
				ASSETCATALOG_COMPILER_GLOBAL_ACCENT_COLOR_NAME = AccentColor;
				CODE_SIGN_STYLE = Automatic;
				CURRENT_PROJECT_VERSION = 1;
				DEVELOPMENT_TEAM = T7C6N2U8Z3;
				GENERATE_INFOPLIST_FILE = YES;
				INFOPLIST_FILE = rxSwiftProject/Info.plist;
				INFOPLIST_KEY_UIApplicationSupportsIndirectInputEvents = YES;
				INFOPLIST_KEY_UILaunchStoryboardName = LaunchScreen;
				INFOPLIST_KEY_UIMainStoryboardFile = Main;
				INFOPLIST_KEY_UISupportedInterfaceOrientations_iPad = "UIInterfaceOrientationPortrait UIInterfaceOrientationPortraitUpsideDown UIInterfaceOrientationLandscapeLeft UIInterfaceOrientationLandscapeRight";
				INFOPLIST_KEY_UISupportedInterfaceOrientations_iPhone = "UIInterfaceOrientationPortrait UIInterfaceOrientationLandscapeLeft UIInterfaceOrientationLandscapeRight";
				LD_RUNPATH_SEARCH_PATHS = (
					"$(inherited)",
					"@executable_path/Frameworks",
				);
				MARKETING_VERSION = 1.0;
				PRODUCT_BUNDLE_IDENTIFIER = muhammadjon.com.rxSwiftProject;
				PRODUCT_NAME = "$(TARGET_NAME)";
				SWIFT_EMIT_LOC_STRINGS = YES;
				SWIFT_VERSION = 5.0;
				TARGETED_DEVICE_FAMILY = "1,2";
			};
			name = Debug;
		};
		D53D0EF029F49E9200348422 /* Release */ = {
			isa = XCBuildConfiguration;
			baseConfigurationReference = 9846C92A17A9C43698F56DA7 /* Pods-rxSwiftProject.release.xcconfig */;
			buildSettings = {
				ASSETCATALOG_COMPILER_APPICON_NAME = AppIcon;
				ASSETCATALOG_COMPILER_GLOBAL_ACCENT_COLOR_NAME = AccentColor;
				CODE_SIGN_STYLE = Automatic;
				CURRENT_PROJECT_VERSION = 1;
				DEVELOPMENT_TEAM = T7C6N2U8Z3;
				GENERATE_INFOPLIST_FILE = YES;
				INFOPLIST_FILE = rxSwiftProject/Info.plist;
				INFOPLIST_KEY_UIApplicationSupportsIndirectInputEvents = YES;
				INFOPLIST_KEY_UILaunchStoryboardName = LaunchScreen;
				INFOPLIST_KEY_UIMainStoryboardFile = Main;
				INFOPLIST_KEY_UISupportedInterfaceOrientations_iPad = "UIInterfaceOrientationPortrait UIInterfaceOrientationPortraitUpsideDown UIInterfaceOrientationLandscapeLeft UIInterfaceOrientationLandscapeRight";
				INFOPLIST_KEY_UISupportedInterfaceOrientations_iPhone = "UIInterfaceOrientationPortrait UIInterfaceOrientationLandscapeLeft UIInterfaceOrientationLandscapeRight";
				LD_RUNPATH_SEARCH_PATHS = (
					"$(inherited)",
					"@executable_path/Frameworks",
				);
				MARKETING_VERSION = 1.0;
				PRODUCT_BUNDLE_IDENTIFIER = muhammadjon.com.rxSwiftProject;
				PRODUCT_NAME = "$(TARGET_NAME)";
				SWIFT_EMIT_LOC_STRINGS = YES;
				SWIFT_VERSION = 5.0;
				TARGETED_DEVICE_FAMILY = "1,2";
			};
			name = Release;
		};
/* End XCBuildConfiguration section */

/* Begin XCConfigurationList section */
		D53D0ED229F49E8E00348422 /* Build configuration list for PBXProject "rxSwiftProject" */ = {
			isa = XCConfigurationList;
			buildConfigurations = (
				D53D0EEC29F49E9200348422 /* Debug */,
				D53D0EED29F49E9200348422 /* Release */,
			);
			defaultConfigurationIsVisible = 0;
			defaultConfigurationName = Release;
		};
		D53D0EEE29F49E9200348422 /* Build configuration list for PBXNativeTarget "rxSwiftProject" */ = {
			isa = XCConfigurationList;
			buildConfigurations = (
				D53D0EEF29F49E9200348422 /* Debug */,
				D53D0EF029F49E9200348422 /* Release */,
			);
			defaultConfigurationIsVisible = 0;
			defaultConfigurationName = Release;
		};
/* End XCConfigurationList section */

/* Begin XCVersionGroup section */
		D53D0EE329F49E8E00348422 /* rxSwiftProject.xcdatamodeld */ = {
			isa = XCVersionGroup;
			children = (
				D53D0EE429F49E8E00348422 /* rxSwiftProject.xcdatamodel */,
			);
			currentVersion = D53D0EE429F49E8E00348422 /* rxSwiftProject.xcdatamodel */;
			path = rxSwiftProject.xcdatamodeld;
			sourceTree = "<group>";
			versionGroupType = wrapper.xcdatamodel;
		};
/* End XCVersionGroup section */
	};
	rootObject = D53D0ECF29F49E8E00348422 /* Project object */;
}
